
Microsoft Visual Studio Solution File, Format Version 12.00
# Visual Studio Version 17
VisualStudioVersion = 17.13.35919.96
MinimumVisualStudioVersion = 10.0.40219.1
Project("{FAE04EC0-301F-11D3-BF4B-00C04F79EFBC}") = "ST10443307CLVDProjectPOEPart2", "ST10443307CLVDProjectPOEPart2.csproj", "{09E80A46-C939-4048-8339-3205D77A6AF0}"
EndProject
Global
	GlobalSection(SolutionConfigurationPlatforms) = preSolution
		Debug|Any CPU = Debug|Any CPU
		Release|Any CPU = Release|Any CPU
	EndGlobalSection
	GlobalSection(ProjectConfigurationPlatforms) = postSolution
		{09E80A46-C939-4048-8339-3205D77A6AF0}.Debug|Any CPU.ActiveCfg = Debug|Any CPU
		{09E80A46-C939-4048-8339-3205D77A6AF0}.Debug|Any CPU.Build.0 = Debug|Any CPU
		{09E80A46-C939-4048-8339-3205D77A6AF0}.Release|Any CPU.ActiveCfg = Release|Any CPU
		{09E80A46-C939-4048-8339-3205D77A6AF0}.Release|Any CPU.Build.0 = Release|Any CPU
	EndGlobalSection
	GlobalSection(SolutionProperties) = preSolution
		HideSolutionNode = FALSE
	EndGlobalSection
	GlobalSection(ExtensibilityGlobals) = postSolution
		SolutionGuid = {99275A91-26F6-4E74-853B-7F908E188FE1}
	EndGlobalSection
EndGlobal
